
Microsoft Visual Studio Solution File, Format Version 12.00
# Visual Studio Version 16
VisualStudioVersion = 16.0.30717.126
MinimumVisualStudioVersion = 10.0.40219.1
Project("{2150E333-8FDC-42A3-9474-1A3956D46DE8}") = "Doc", "Doc", "{D72FD75A-9C5F-4C95-9A1A-D97564824851}"
EndProject
Project("{2150E333-8FDC-42A3-9474-1A3956D46DE8}") = "Src", "Src", "{3997CD01-11C8-4ABE-8B90-6A6E0674B607}"
EndProject
Project("{2150E333-8FDC-42A3-9474-1A3956D46DE8}") = "Core", "Core", "{AC780C9C-4C9E-4022-BDE5-BECB55D1F33D}"
EndProject
Project("{2150E333-8FDC-42A3-9474-1A3956D46DE8}") = "Common", "Common", "{8639D4C9-004A-44D7-BFE7-6BB07AA43A8F}"
EndProject
Project("{2150E333-8FDC-42A3-9474-1A3956D46DE8}") = "Infrastructure", "Infrastructure", "{ACA191EC-8BC2-40D1-9B6D-AB65BB70C874}"
EndProject
Project("{2150E333-8FDC-42A3-9474-1A3956D46DE8}") = "Presentation", "Presentation", "{A2206210-E8B7-41C9-97CB-4375567149D9}"
EndProject
Project("{9A19103F-16F7-4668-BE54-9A1E7A4F7556}") = "Restaurant.Common", "Restaurant.Common\Restaurant.Common.csproj", "{3767F67D-64B4-4BD8-BD26-DC0241BFE00F}"
EndProject
Project("{9A19103F-16F7-4668-BE54-9A1E7A4F7556}") = "Restaurant.Infrastructure", "Restaurant.Infrastructure\Restaurant.Infrastructure.csproj", "{EC15B3A7-C879-477C-A797-D7ADCC547B8B}"
EndProject
Project("{9A19103F-16F7-4668-BE54-9A1E7A4F7556}") = "Restaurant.Domain", "Restaurant.Domain\Restaurant.Domain.csproj", "{D934C540-10F0-4067-9309-A616FC47E1D4}"
EndProject
Project("{9A19103F-16F7-4668-BE54-9A1E7A4F7556}") = "Restaurant.Application", "Restaurant.Application\Restaurant.Application.csproj", "{4758AC7A-60A4-47EA-ACAE-AFC4985BFD6C}"
EndProject
Project("{9A19103F-16F7-4668-BE54-9A1E7A4F7556}") = "EndPoint.Site", "EndPoint.Site\EndPoint.Site.csproj", "{D32EC6C8-7267-4AD6-BBB4-16AE92BFF44E}"
EndProject
Project("{FAE04EC0-301F-11D3-BF4B-00C04F79EFBC}") = "Restaurant.Persistence", "Restaurant.Persistence\Restaurant.Persistence.csproj", "{9DA8EACA-473F-4EC1-B195-FA23867B079F}"
EndProject
Global
	GlobalSection(SolutionConfigurationPlatforms) = preSolution
		Debug|Any CPU = Debug|Any CPU
		Release|Any CPU = Release|Any CPU
	EndGlobalSection
	GlobalSection(ProjectConfigurationPlatforms) = postSolution
		{3767F67D-64B4-4BD8-BD26-DC0241BFE00F}.Debug|Any CPU.ActiveCfg = Debug|Any CPU
		{3767F67D-64B4-4BD8-BD26-DC0241BFE00F}.Debug|Any CPU.Build.0 = Debug|Any CPU
		{3767F67D-64B4-4BD8-BD26-DC0241BFE00F}.Release|Any CPU.ActiveCfg = Release|Any CPU
		{3767F67D-64B4-4BD8-BD26-DC0241BFE00F}.Release|Any CPU.Build.0 = Release|Any CPU
		{EC15B3A7-C879-477C-A797-D7ADCC547B8B}.Debug|Any CPU.ActiveCfg = Debug|Any CPU
		{EC15B3A7-C879-477C-A797-D7ADCC547B8B}.Debug|Any CPU.Build.0 = Debug|Any CPU
		{EC15B3A7-C879-477C-A797-D7ADCC547B8B}.Release|Any CPU.ActiveCfg = Release|Any CPU
		{EC15B3A7-C879-477C-A797-D7ADCC547B8B}.Release|Any CPU.Build.0 = Release|Any CPU
		{D934C540-10F0-4067-9309-A616FC47E1D4}.Debug|Any CPU.ActiveCfg = Debug|Any CPU
		{D934C540-10F0-4067-9309-A616FC47E1D4}.Debug|Any CPU.Build.0 = Debug|Any CPU
		{D934C540-10F0-4067-9309-A616FC47E1D4}.Release|Any CPU.ActiveCfg = Release|Any CPU
		{D934C540-10F0-4067-9309-A616FC47E1D4}.Release|Any CPU.Build.0 = Release|Any CPU
		{4758AC7A-60A4-47EA-ACAE-AFC4985BFD6C}.Debug|Any CPU.ActiveCfg = Debug|Any CPU
		{4758AC7A-60A4-47EA-ACAE-AFC4985BFD6C}.Debug|Any CPU.Build.0 = Debug|Any CPU
		{4758AC7A-60A4-47EA-ACAE-AFC4985BFD6C}.Release|Any CPU.ActiveCfg = Release|Any CPU
		{4758AC7A-60A4-47EA-ACAE-AFC4985BFD6C}.Release|Any CPU.Build.0 = Release|Any CPU
		{D32EC6C8-7267-4AD6-BBB4-16AE92BFF44E}.Debug|Any CPU.ActiveCfg = Debug|Any CPU
		{D32EC6C8-7267-4AD6-BBB4-16AE92BFF44E}.Debug|Any CPU.Build.0 = Debug|Any CPU
		{D32EC6C8-7267-4AD6-BBB4-16AE92BFF44E}.Release|Any CPU.ActiveCfg = Release|Any CPU
		{D32EC6C8-7267-4AD6-BBB4-16AE92BFF44E}.Release|Any CPU.Build.0 = Release|Any CPU
		{9DA8EACA-473F-4EC1-B195-FA23867B079F}.Debug|Any CPU.ActiveCfg = Debug|Any CPU
		{9DA8EACA-473F-4EC1-B195-FA23867B079F}.Debug|Any CPU.Build.0 = Debug|Any CPU
		{9DA8EACA-473F-4EC1-B195-FA23867B079F}.Release|Any CPU.ActiveCfg = Release|Any CPU
		{9DA8EACA-473F-4EC1-B195-FA23867B079F}.Release|Any CPU.Build.0 = Release|Any CPU
	EndGlobalSection
	GlobalSection(SolutionProperties) = preSolution
		HideSolutionNode = FALSE
	EndGlobalSection
	GlobalSection(NestedProjects) = preSolution
		{AC780C9C-4C9E-4022-BDE5-BECB55D1F33D} = {3997CD01-11C8-4ABE-8B90-6A6E0674B607}
		{8639D4C9-004A-44D7-BFE7-6BB07AA43A8F} = {3997CD01-11C8-4ABE-8B90-6A6E0674B607}
		{ACA191EC-8BC2-40D1-9B6D-AB65BB70C874} = {3997CD01-11C8-4ABE-8B90-6A6E0674B607}
		{A2206210-E8B7-41C9-97CB-4375567149D9} = {3997CD01-11C8-4ABE-8B90-6A6E0674B607}
		{3767F67D-64B4-4BD8-BD26-DC0241BFE00F} = {8639D4C9-004A-44D7-BFE7-6BB07AA43A8F}
		{EC15B3A7-C879-477C-A797-D7ADCC547B8B} = {ACA191EC-8BC2-40D1-9B6D-AB65BB70C874}
		{D934C540-10F0-4067-9309-A616FC47E1D4} = {AC780C9C-4C9E-4022-BDE5-BECB55D1F33D}
		{4758AC7A-60A4-47EA-ACAE-AFC4985BFD6C} = {AC780C9C-4C9E-4022-BDE5-BECB55D1F33D}
		{D32EC6C8-7267-4AD6-BBB4-16AE92BFF44E} = {A2206210-E8B7-41C9-97CB-4375567149D9}
		{9DA8EACA-473F-4EC1-B195-FA23867B079F} = {ACA191EC-8BC2-40D1-9B6D-AB65BB70C874}
	EndGlobalSection
	GlobalSection(ExtensibilityGlobals) = postSolution
		SolutionGuid = {6071F5CC-5966-4A78-8933-70ABDA721904}
	EndGlobalSection
EndGlobal
